
Microsoft Visual Studio Solution File, Format Version 12.00
# Visual Studio Version 17
VisualStudioVersion = 17.6.33815.320
MinimumVisualStudioVersion = 10.0.40219.1
Project("{FAE04EC0-301F-11D3-BF4B-00C04F79EFBC}") = "RPP_Test_Report_Suite", "RPP_Test_Report_Suite.csproj", "{5DFE7F0F-060C-4CA1-9B01-A74B04B45B02}"
EndProject
Global
	GlobalSection(SolutionConfigurationPlatforms) = preSolution
		Debug|Any CPU = Debug|Any CPU
		Release|Any CPU = Release|Any CPU
	EndGlobalSection
	GlobalSection(ProjectConfigurationPlatforms) = postSolution
		{5DFE7F0F-060C-4CA1-9B01-A74B04B45B02}.Debug|Any CPU.ActiveCfg = Debug|Any CPU
		{5DFE7F0F-060C-4CA1-9B01-A74B04B45B02}.Debug|Any CPU.Build.0 = Debug|Any CPU
		{5DFE7F0F-060C-4CA1-9B01-A74B04B45B02}.Release|Any CPU.ActiveCfg = Release|Any CPU
		{5DFE7F0F-060C-4CA1-9B01-A74B04B45B02}.Release|Any CPU.Build.0 = Release|Any CPU
	EndGlobalSection
	GlobalSection(SolutionProperties) = preSolution
		HideSolutionNode = FALSE
	EndGlobalSection
	GlobalSection(ExtensibilityGlobals) = postSolution
		SolutionGuid = {1A7CB347-563A-406B-B22E-D2A08F4E01C4}
	EndGlobalSection
EndGlobal
